
Microsoft Visual Studio Solution File, Format Version 12.00
# Visual Studio Version 17
VisualStudioVersion = 17.3.32929.385
MinimumVisualStudioVersion = 10.0.40219.1
Project("{FAE04EC0-301F-11D3-BF4B-00C04F79EFBC}") = "AIServer", "AIServer\AIServer.csproj", "{C6AF30BE-147A-46BD-896D-FE3484E4F5C7}"
EndProject
Project("{FAE04EC0-301F-11D3-BF4B-00C04F79EFBC}") = "AITest", "AITest\AITest.csproj", "{822B4B64-7973-4C1D-BCBB-03C693A7CB50}"
EndProject
Project("{9A19103F-16F7-4668-BE54-9A1E7A4F7556}") = "SharedResultsBetweenServerAndHoloLens", "SharedResultsBetweenServerAndHoloLens\SharedResultsBetweenServerAndHoloLens.csproj", "{F4A6A854-B8F1-4152-AF16-CAF590063734}"
EndProject
Project("{2150E333-8FDC-42A3-9474-1A3956D46DE8}") = "Projektmappenelemente", "Projektmappenelemente", "{49523723-D25C-4EB7-B772-53AA1C9BD249}"
	ProjectSection(SolutionItems) = preProject
		.editorconfig = .editorconfig
	EndProjectSection
EndProject
Project("{FAE04EC0-301F-11D3-BF4B-00C04F79EFBC}") = "SharedResultsBetweenServerAndHoloLensServerSide", "SharedResultsBetweenServerAndHoloLensServerSide\SharedResultsBetweenServerAndHoloLensServerSide.csproj", "{031F14AC-E5CB-4E4A-8FA1-41A5820BA2B3}"
EndProject
Global
	GlobalSection(SolutionConfigurationPlatforms) = preSolution
		Debug|Any CPU = Debug|Any CPU
		Debug|ARM = Debug|ARM
		Debug|ARM64 = Debug|ARM64
		Debug|x64 = Debug|x64
		Debug|x86 = Debug|x86
		Release|Any CPU = Release|Any CPU
		Release|ARM = Release|ARM
		Release|ARM64 = Release|ARM64
		Release|x64 = Release|x64
		Release|x86 = Release|x86
	EndGlobalSection
	GlobalSection(ProjectConfigurationPlatforms) = postSolution
		{C6AF30BE-147A-46BD-896D-FE3484E4F5C7}.Debug|Any CPU.ActiveCfg = Debug|x64
		{C6AF30BE-147A-46BD-896D-FE3484E4F5C7}.Debug|Any CPU.Build.0 = Debug|x64
		{C6AF30BE-147A-46BD-896D-FE3484E4F5C7}.Debug|Any CPU.Deploy.0 = Debug|x64
		{C6AF30BE-147A-46BD-896D-FE3484E4F5C7}.Debug|ARM.ActiveCfg = Debug|ARM
		{C6AF30BE-147A-46BD-896D-FE3484E4F5C7}.Debug|ARM.Build.0 = Debug|ARM
		{C6AF30BE-147A-46BD-896D-FE3484E4F5C7}.Debug|ARM.Deploy.0 = Debug|ARM
		{C6AF30BE-147A-46BD-896D-FE3484E4F5C7}.Debug|ARM64.ActiveCfg = Debug|ARM64
		{C6AF30BE-147A-46BD-896D-FE3484E4F5C7}.Debug|ARM64.Build.0 = Debug|ARM64
		{C6AF30BE-147A-46BD-896D-FE3484E4F5C7}.Debug|ARM64.Deploy.0 = Debug|ARM64
		{C6AF30BE-147A-46BD-896D-FE3484E4F5C7}.Debug|x64.ActiveCfg = Debug|x64
		{C6AF30BE-147A-46BD-896D-FE3484E4F5C7}.Debug|x64.Build.0 = Debug|x64
		{C6AF30BE-147A-46BD-896D-FE3484E4F5C7}.Debug|x64.Deploy.0 = Debug|x64
		{C6AF30BE-147A-46BD-896D-FE3484E4F5C7}.Debug|x86.ActiveCfg = Debug|x86
		{C6AF30BE-147A-46BD-896D-FE3484E4F5C7}.Debug|x86.Build.0 = Debug|x86
		{C6AF30BE-147A-46BD-896D-FE3484E4F5C7}.Debug|x86.Deploy.0 = Debug|x86
		{C6AF30BE-147A-46BD-896D-FE3484E4F5C7}.Release|Any CPU.ActiveCfg = Release|x64
		{C6AF30BE-147A-46BD-896D-FE3484E4F5C7}.Release|Any CPU.Build.0 = Release|x64
		{C6AF30BE-147A-46BD-896D-FE3484E4F5C7}.Release|Any CPU.Deploy.0 = Release|x64
		{C6AF30BE-147A-46BD-896D-FE3484E4F5C7}.Release|ARM.ActiveCfg = Release|ARM
		{C6AF30BE-147A-46BD-896D-FE3484E4F5C7}.Release|ARM.Build.0 = Release|ARM
		{C6AF30BE-147A-46BD-896D-FE3484E4F5C7}.Release|ARM.Deploy.0 = Release|ARM
		{C6AF30BE-147A-46BD-896D-FE3484E4F5C7}.Release|ARM64.ActiveCfg = Release|ARM64
		{C6AF30BE-147A-46BD-896D-FE3484E4F5C7}.Release|ARM64.Build.0 = Release|ARM64
		{C6AF30BE-147A-46BD-896D-FE3484E4F5C7}.Release|ARM64.Deploy.0 = Release|ARM64
		{C6AF30BE-147A-46BD-896D-FE3484E4F5C7}.Release|x64.ActiveCfg = Release|x64
		{C6AF30BE-147A-46BD-896D-FE3484E4F5C7}.Release|x64.Build.0 = Release|x64
		{C6AF30BE-147A-46BD-896D-FE3484E4F5C7}.Release|x64.Deploy.0 = Release|x64
		{C6AF30BE-147A-46BD-896D-FE3484E4F5C7}.Release|x86.ActiveCfg = Release|x86
		{C6AF30BE-147A-46BD-896D-FE3484E4F5C7}.Release|x86.Build.0 = Release|x86
		{C6AF30BE-147A-46BD-896D-FE3484E4F5C7}.Release|x86.Deploy.0 = Release|x86
		{822B4B64-7973-4C1D-BCBB-03C693A7CB50}.Debug|Any CPU.ActiveCfg = Debug|x64
		{822B4B64-7973-4C1D-BCBB-03C693A7CB50}.Debug|Any CPU.Build.0 = Debug|x64
		{822B4B64-7973-4C1D-BCBB-03C693A7CB50}.Debug|Any CPU.Deploy.0 = Debug|x64
		{822B4B64-7973-4C1D-BCBB-03C693A7CB50}.Debug|ARM.ActiveCfg = Debug|ARM
		{822B4B64-7973-4C1D-BCBB-03C693A7CB50}.Debug|ARM.Build.0 = Debug|ARM
		{822B4B64-7973-4C1D-BCBB-03C693A7CB50}.Debug|ARM.Deploy.0 = Debug|ARM
		{822B4B64-7973-4C1D-BCBB-03C693A7CB50}.Debug|ARM64.ActiveCfg = Debug|ARM64
		{822B4B64-7973-4C1D-BCBB-03C693A7CB50}.Debug|ARM64.Build.0 = Debug|ARM64
		{822B4B64-7973-4C1D-BCBB-03C693A7CB50}.Debug|ARM64.Deploy.0 = Debug|ARM64
		{822B4B64-7973-4C1D-BCBB-03C693A7CB50}.Debug|x64.ActiveCfg = Debug|x64
		{822B4B64-7973-4C1D-BCBB-03C693A7CB50}.Debug|x64.Build.0 = Debug|x64
		{822B4B64-7973-4C1D-BCBB-03C693A7CB50}.Debug|x64.Deploy.0 = Debug|x64
		{822B4B64-7973-4C1D-BCBB-03C693A7CB50}.Debug|x86.ActiveCfg = Debug|x86
		{822B4B64-7973-4C1D-BCBB-03C693A7CB50}.Debug|x86.Build.0 = Debug|x86
		{822B4B64-7973-4C1D-BCBB-03C693A7CB50}.Debug|x86.Deploy.0 = Debug|x86
		{822B4B64-7973-4C1D-BCBB-03C693A7CB50}.Release|Any CPU.ActiveCfg = Release|x64
		{822B4B64-7973-4C1D-BCBB-03C693A7CB50}.Release|Any CPU.Build.0 = Release|x64
		{822B4B64-7973-4C1D-BCBB-03C693A7CB50}.Release|Any CPU.Deploy.0 = Release|x64
		{822B4B64-7973-4C1D-BCBB-03C693A7CB50}.Release|ARM.ActiveCfg = Release|ARM
		{822B4B64-7973-4C1D-BCBB-03C693A7CB50}.Release|ARM.Build.0 = Release|ARM
		{822B4B64-7973-4C1D-BCBB-03C693A7CB50}.Release|ARM.Deploy.0 = Release|ARM
		{822B4B64-7973-4C1D-BCBB-03C693A7CB50}.Release|ARM64.ActiveCfg = Release|ARM64
		{822B4B64-7973-4C1D-BCBB-03C693A7CB50}.Release|ARM64.Build.0 = Release|ARM64
		{822B4B64-7973-4C1D-BCBB-03C693A7CB50}.Release|ARM64.Deploy.0 = Release|ARM64
		{822B4B64-7973-4C1D-BCBB-03C693A7CB50}.Release|x64.ActiveCfg = Release|x64
		{822B4B64-7973-4C1D-BCBB-03C693A7CB50}.Release|x64.Build.0 = Release|x64
		{822B4B64-7973-4C1D-BCBB-03C693A7CB50}.Release|x64.Deploy.0 = Release|x64
		{822B4B64-7973-4C1D-BCBB-03C693A7CB50}.Release|x86.ActiveCfg = Release|x86
		{822B4B64-7973-4C1D-BCBB-03C693A7CB50}.Release|x86.Build.0 = Release|x86
		{822B4B64-7973-4C1D-BCBB-03C693A7CB50}.Release|x86.Deploy.0 = Release|x86
		{F4A6A854-B8F1-4152-AF16-CAF590063734}.Debug|Any CPU.ActiveCfg = Debug|Any CPU
		{F4A6A854-B8F1-4152-AF16-CAF590063734}.Debug|Any CPU.Build.0 = Debug|Any CPU
		{F4A6A854-B8F1-4152-AF16-CAF590063734}.Debug|ARM.ActiveCfg = Debug|Any CPU
		{F4A6A854-B8F1-4152-AF16-CAF590063734}.Debug|ARM.Build.0 = Debug|Any CPU
		{F4A6A854-B8F1-4152-AF16-CAF590063734}.Debug|ARM64.ActiveCfg = Debug|Any CPU
		{F4A6A854-B8F1-4152-AF16-CAF590063734}.Debug|ARM64.Build.0 = Debug|Any CPU
		{F4A6A854-B8F1-4152-AF16-CAF590063734}.Debug|x64.ActiveCfg = Debug|Any CPU
		{F4A6A854-B8F1-4152-AF16-CAF590063734}.Debug|x64.Build.0 = Debug|Any CPU
		{F4A6A854-B8F1-4152-AF16-CAF590063734}.Debug|x86.ActiveCfg = Debug|Any CPU
		{F4A6A854-B8F1-4152-AF16-CAF590063734}.Debug|x86.Build.0 = Debug|Any CPU
		{F4A6A854-B8F1-4152-AF16-CAF590063734}.Release|Any CPU.ActiveCfg = Release|Any CPU
		{F4A6A854-B8F1-4152-AF16-CAF590063734}.Release|Any CPU.Build.0 = Release|Any CPU
		{F4A6A854-B8F1-4152-AF16-CAF590063734}.Release|ARM.ActiveCfg = Release|Any CPU
		{F4A6A854-B8F1-4152-AF16-CAF590063734}.Release|ARM.Build.0 = Release|Any CPU
		{F4A6A854-B8F1-4152-AF16-CAF590063734}.Release|ARM64.ActiveCfg = Release|Any CPU
		{F4A6A854-B8F1-4152-AF16-CAF590063734}.Release|ARM64.Build.0 = Release|Any CPU
		{F4A6A854-B8F1-4152-AF16-CAF590063734}.Release|x64.ActiveCfg = Release|Any CPU
		{F4A6A854-B8F1-4152-AF16-CAF590063734}.Release|x64.Build.0 = Release|Any CPU
		{F4A6A854-B8F1-4152-AF16-CAF590063734}.Release|x86.ActiveCfg = Release|Any CPU
		{F4A6A854-B8F1-4152-AF16-CAF590063734}.Release|x86.Build.0 = Release|Any CPU
		{031F14AC-E5CB-4E4A-8FA1-41A5820BA2B3}.Debug|Any CPU.ActiveCfg = Debug|Any CPU
		{031F14AC-E5CB-4E4A-8FA1-41A5820BA2B3}.Debug|Any CPU.Build.0 = Debug|Any CPU
		{031F14AC-E5CB-4E4A-8FA1-41A5820BA2B3}.Debug|ARM.ActiveCfg = Debug|ARM
		{031F14AC-E5CB-4E4A-8FA1-41A5820BA2B3}.Debug|ARM.Build.0 = Debug|ARM
		{031F14AC-E5CB-4E4A-8FA1-41A5820BA2B3}.Debug|ARM64.ActiveCfg = Debug|ARM64
		{031F14AC-E5CB-4E4A-8FA1-41A5820BA2B3}.Debug|ARM64.Build.0 = Debug|ARM64
		{031F14AC-E5CB-4E4A-8FA1-41A5820BA2B3}.Debug|x64.ActiveCfg = Debug|x64
		{031F14AC-E5CB-4E4A-8FA1-41A5820BA2B3}.Debug|x64.Build.0 = Debug|x64
		{031F14AC-E5CB-4E4A-8FA1-41A5820BA2B3}.Debug|x86.ActiveCfg = Debug|x86
		{031F14AC-E5CB-4E4A-8FA1-41A5820BA2B3}.Debug|x86.Build.0 = Debug|x86
		{031F14AC-E5CB-4E4A-8FA1-41A5820BA2B3}.Release|Any CPU.ActiveCfg = Release|Any CPU
		{031F14AC-E5CB-4E4A-8FA1-41A5820BA2B3}.Release|Any CPU.Build.0 = Release|Any CPU
		{031F14AC-E5CB-4E4A-8FA1-41A5820BA2B3}.Release|ARM.ActiveCfg = Release|ARM
		{031F14AC-E5CB-4E4A-8FA1-41A5820BA2B3}.Release|ARM.Build.0 = Release|ARM
		{031F14AC-E5CB-4E4A-8FA1-41A5820BA2B3}.Release|ARM64.ActiveCfg = Release|ARM64
		{031F14AC-E5CB-4E4A-8FA1-41A5820BA2B3}.Release|ARM64.Build.0 = Release|ARM64
		{031F14AC-E5CB-4E4A-8FA1-41A5820BA2B3}.Release|x64.ActiveCfg = Release|x64
		{031F14AC-E5CB-4E4A-8FA1-41A5820BA2B3}.Release|x64.Build.0 = Release|x64
		{031F14AC-E5CB-4E4A-8FA1-41A5820BA2B3}.Release|x86.ActiveCfg = Release|x86
		{031F14AC-E5CB-4E4A-8FA1-41A5820BA2B3}.Release|x86.Build.0 = Release|x86
	EndGlobalSection
	GlobalSection(SolutionProperties) = preSolution
		HideSolutionNode = FALSE
	EndGlobalSection
	GlobalSection(ExtensibilityGlobals) = postSolution
		SolutionGuid = {819526FE-BECA-4A7A-9DF3-4F4BD60103D6}
	EndGlobalSection
EndGlobal
